
Microsoft Visual Studio Solution File, Format Version 12.00
# Visual Studio Version 16
VisualStudioVersion = 16.0.29306.81
MinimumVisualStudioVersion = 10.0.40219.1
Project("{FAE04EC0-301F-11D3-BF4B-00C04F79EFBC}") = "DataViewer", "DataViewer\DataViewer.csproj", "{46B5A762-1866-4934-A488-D410FE349274}"
EndProject
Global
	GlobalSection(SolutionConfigurationPlatforms) = preSolution
		Debug|Any CPU = Debug|Any CPU
		Release|Any CPU = Release|Any CPU
	EndGlobalSection
	GlobalSection(ProjectConfigurationPlatforms) = postSolution
		{46B5A762-1866-4934-A488-D410FE349274}.Debug|Any CPU.ActiveCfg = Debug|Any CPU
		{46B5A762-1866-4934-A488-D410FE349274}.Debug|Any CPU.Build.0 = Debug|Any CPU
		{46B5A762-1866-4934-A488-D410FE349274}.Release|Any CPU.ActiveCfg = Release|Any CPU
		{46B5A762-1866-4934-A488-D410FE349274}.Release|Any CPU.Build.0 = Release|Any CPU
	EndGlobalSection
	GlobalSection(SolutionProperties) = preSolution
		HideSolutionNode = FALSE
	EndGlobalSection
	GlobalSection(ExtensibilityGlobals) = postSolution
		SolutionGuid = {E6903541-8BA2-447B-8976-2C0E2CCFEC98}
	EndGlobalSection
EndGlobal
